
Microsoft Visual Studio Solution File, Format Version 12.00
# Visual Studio Version 16
VisualStudioVersion = 16.0.31424.327
MinimumVisualStudioVersion = 10.0.40219.1
Project("{6EC3EE1D-3C4E-46DD-8F32-0CC8E7565705}") = "Functions", "Functions.fsproj", "{32B20BB3-EBB5-4C51-80B4-1ED0E821E093}"
EndProject
Global
	GlobalSection(SolutionConfigurationPlatforms) = preSolution
		Debug|Any CPU = Debug|Any CPU
		Release|Any CPU = Release|Any CPU
	EndGlobalSection
	GlobalSection(ProjectConfigurationPlatforms) = postSolution
		{32B20BB3-EBB5-4C51-80B4-1ED0E821E093}.Debug|Any CPU.ActiveCfg = Debug|Any CPU
		{32B20BB3-EBB5-4C51-80B4-1ED0E821E093}.Debug|Any CPU.Build.0 = Debug|Any CPU
		{32B20BB3-EBB5-4C51-80B4-1ED0E821E093}.Release|Any CPU.ActiveCfg = Release|Any CPU
		{32B20BB3-EBB5-4C51-80B4-1ED0E821E093}.Release|Any CPU.Build.0 = Release|Any CPU
	EndGlobalSection
	GlobalSection(SolutionProperties) = preSolution
		HideSolutionNode = FALSE
	EndGlobalSection
	GlobalSection(ExtensibilityGlobals) = postSolution
		SolutionGuid = {6223E745-1626-4022-9328-4006D086191B}
	EndGlobalSection
EndGlobal
